
Microsoft Visual Studio Solution File, Format Version 12.00
# Visual Studio Version 17
VisualStudioVersion = 17.1.32414.318
MinimumVisualStudioVersion = 10.0.40219.1
Project("{8BC9CEB8-8B4A-11D0-8D11-00A0C91BC942}") = "Game", "Game\Game.vcxproj", "{9537C285-444F-4F00-A747-DE5DB5F89AAC}"
EndProject
Global
	GlobalSection(SolutionConfigurationPlatforms) = preSolution
		Debug|x64 = Debug|x64
		Debug|x86 = Debug|x86
		Release|x64 = Release|x64
		Release|x86 = Release|x86
	EndGlobalSection
	GlobalSection(ProjectConfigurationPlatforms) = postSolution
		{9537C285-444F-4F00-A747-DE5DB5F89AAC}.Debug|x64.ActiveCfg = Debug|x64
		{9537C285-444F-4F00-A747-DE5DB5F89AAC}.Debug|x64.Build.0 = Debug|x64
		{9537C285-444F-4F00-A747-DE5DB5F89AAC}.Debug|x86.ActiveCfg = Debug|Win32
		{9537C285-444F-4F00-A747-DE5DB5F89AAC}.Debug|x86.Build.0 = Debug|Win32
		{9537C285-444F-4F00-A747-DE5DB5F89AAC}.Release|x64.ActiveCfg = Release|x64
		{9537C285-444F-4F00-A747-DE5DB5F89AAC}.Release|x64.Build.0 = Release|x64
		{9537C285-444F-4F00-A747-DE5DB5F89AAC}.Release|x86.ActiveCfg = Release|Win32
		{9537C285-444F-4F00-A747-DE5DB5F89AAC}.Release|x86.Build.0 = Release|Win32
	EndGlobalSection
	GlobalSection(SolutionProperties) = preSolution
		HideSolutionNode = FALSE
	EndGlobalSection
	GlobalSection(ExtensibilityGlobals) = postSolution
		SolutionGuid = {CEAB41BB-D5AF-4DDF-AF25-8BA7B02B6A5F}
	EndGlobalSection
EndGlobal
